// !$*UTF8*$!
{
	archiveVersion = 1;
	classes = {
	};
	objectVersion = 55;
	objects = {

/* Begin PBXBuildFile section */
		B4B784C927F7325C00D28ACF /* AppDelegate.swift in Sources */ = {isa = PBXBuildFile; fileRef = B4B784C827F7325C00D28ACF /* AppDelegate.swift */; };
		B4B784CB27F7325C00D28ACF /* SceneDelegate.swift in Sources */ = {isa = PBXBuildFile; fileRef = B4B784CA27F7325C00D28ACF /* SceneDelegate.swift */; };
		B4B784CD27F7325C00D28ACF /* ViewController.swift in Sources */ = {isa = PBXBuildFile; fileRef = B4B784CC27F7325C00D28ACF /* ViewController.swift */; };
		B4B784D027F7325C00D28ACF /* Main.storyboard in Resources */ = {isa = PBXBuildFile; fileRef = B4B784CE27F7325C00D28ACF /* Main.storyboard */; };
		B4B784D227F7325F00D28ACF /* Assets.xcassets in Resources */ = {isa = PBXBuildFile; fileRef = B4B784D127F7325F00D28ACF /* Assets.xcassets */; };
		B4B784D527F7325F00D28ACF /* LaunchScreen.storyboard in Resources */ = {isa = PBXBuildFile; fileRef = B4B784D327F7325F00D28ACF /* LaunchScreen.storyboard */; };
		B4B784E027F7325F00D28ACF /* MarvelAPI_AppTests.swift in Sources */ = {isa = PBXBuildFile; fileRef = B4B784DF27F7325F00D28ACF /* MarvelAPI_AppTests.swift */; };
		B4B784EA27F7325F00D28ACF /* MarvelAPI_AppUITests.swift in Sources */ = {isa = PBXBuildFile; fileRef = B4B784E927F7325F00D28ACF /* MarvelAPI_AppUITests.swift */; };
		B4B784EC27F7325F00D28ACF /* MarvelAPI_AppUITestsLaunchTests.swift in Sources */ = {isa = PBXBuildFile; fileRef = B4B784EB27F7325F00D28ACF /* MarvelAPI_AppUITestsLaunchTests.swift */; };
		B4CD94FD27FA6AC800240D8C /* Marvel.swift in Sources */ = {isa = PBXBuildFile; fileRef = B4CD94FC27FA6AC800240D8C /* Marvel.swift */; };
		B4CD950127FA769C00240D8C /* CombineMoya in Frameworks */ = {isa = PBXBuildFile; productRef = B4CD950027FA769C00240D8C /* CombineMoya */; };
		B4CD950327FA769C00240D8C /* Moya in Frameworks */ = {isa = PBXBuildFile; productRef = B4CD950227FA769C00240D8C /* Moya */; };
		B4CD950527FA769C00240D8C /* ReactiveMoya in Frameworks */ = {isa = PBXBuildFile; productRef = B4CD950427FA769C00240D8C /* ReactiveMoya */; };
		B4CD950727FA769C00240D8C /* RxMoya in Frameworks */ = {isa = PBXBuildFile; productRef = B4CD950627FA769C00240D8C /* RxMoya */; };
		B4CD950A27FA8E8A00240D8C /* CryptoSwift in Frameworks */ = {isa = PBXBuildFile; productRef = B4CD950927FA8E8A00240D8C /* CryptoSwift */; };
		B4CD950C27FB15B400240D8C /* MarvelModel.swift in Sources */ = {isa = PBXBuildFile; fileRef = B4CD950B27FB15B400240D8C /* MarvelModel.swift */; };
		B4CD950E280284D400240D8C /* TableViewCell.swift in Sources */ = {isa = PBXBuildFile; fileRef = B4CD950D280284D400240D8C /* TableViewCell.swift */; };
		B4CD9510280284EB00240D8C /* TableViewCell.xib in Resources */ = {isa = PBXBuildFile; fileRef = B4CD950F280284EB00240D8C /* TableViewCell.xib */; };
		B4CD951228028FE600240D8C /* ex-UIImage.swift in Sources */ = {isa = PBXBuildFile; fileRef = B4CD951128028FE600240D8C /* ex-UIImage.swift */; };
		B4CD95152802F18000240D8C /* AlamofireImage in Frameworks */ = {isa = PBXBuildFile; productRef = B4CD95142802F18000240D8C /* AlamofireImage */; };
/* End PBXBuildFile section */

/* Begin PBXContainerItemProxy section */
		B4B784DC27F7325F00D28ACF /* PBXContainerItemProxy */ = {
			isa = PBXContainerItemProxy;
			containerPortal = B4B784BD27F7325C00D28ACF /* Project object */;
			proxyType = 1;
			remoteGlobalIDString = B4B784C427F7325C00D28ACF;
			remoteInfo = "MarvelAPI-App";
		};
		B4B784E627F7325F00D28ACF /* PBXContainerItemProxy */ = {
			isa = PBXContainerItemProxy;
			containerPortal = B4B784BD27F7325C00D28ACF /* Project object */;
			proxyType = 1;
			remoteGlobalIDString = B4B784C427F7325C00D28ACF;
			remoteInfo = "MarvelAPI-App";
		};
/* End PBXContainerItemProxy section */

/* Begin PBXFileReference section */
		B4B784C527F7325C00D28ACF /* MarvelAPI-App.app */ = {isa = PBXFileReference; explicitFileType = wrapper.application; includeInIndex = 0; path = "MarvelAPI-App.app"; sourceTree = BUILT_PRODUCTS_DIR; };
		B4B784C827F7325C00D28ACF /* AppDelegate.swift */ = {isa = PBXFileReference; lastKnownFileType = sourcecode.swift; path = AppDelegate.swift; sourceTree = "<group>"; };
		B4B784CA27F7325C00D28ACF /* SceneDelegate.swift */ = {isa = PBXFileReference; lastKnownFileType = sourcecode.swift; path = SceneDelegate.swift; sourceTree = "<group>"; };
		B4B784CC27F7325C00D28ACF /* ViewController.swift */ = {isa = PBXFileReference; lastKnownFileType = sourcecode.swift; path = ViewController.swift; sourceTree = "<group>"; };
		B4B784CF27F7325C00D28ACF /* Base */ = {isa = PBXFileReference; lastKnownFileType = file.storyboard; name = Base; path = Base.lproj/Main.storyboard; sourceTree = "<group>"; };
		B4B784D127F7325F00D28ACF /* Assets.xcassets */ = {isa = PBXFileReference; lastKnownFileType = folder.assetcatalog; path = Assets.xcassets; sourceTree = "<group>"; };
		B4B784D427F7325F00D28ACF /* Base */ = {isa = PBXFileReference; lastKnownFileType = file.storyboard; name = Base; path = Base.lproj/LaunchScreen.storyboard; sourceTree = "<group>"; };
		B4B784D627F7325F00D28ACF /* Info.plist */ = {isa = PBXFileReference; lastKnownFileType = text.plist.xml; path = Info.plist; sourceTree = "<group>"; };
		B4B784DB27F7325F00D28ACF /* MarvelAPI-AppTests.xctest */ = {isa = PBXFileReference; explicitFileType = wrapper.cfbundle; includeInIndex = 0; path = "MarvelAPI-AppTests.xctest"; sourceTree = BUILT_PRODUCTS_DIR; };
		B4B784DF27F7325F00D28ACF /* MarvelAPI_AppTests.swift */ = {isa = PBXFileReference; lastKnownFileType = sourcecode.swift; path = MarvelAPI_AppTests.swift; sourceTree = "<group>"; };
		B4B784E527F7325F00D28ACF /* MarvelAPI-AppUITests.xctest */ = {isa = PBXFileReference; explicitFileType = wrapper.cfbundle; includeInIndex = 0; path = "MarvelAPI-AppUITests.xctest"; sourceTree = BUILT_PRODUCTS_DIR; };
		B4B784E927F7325F00D28ACF /* MarvelAPI_AppUITests.swift */ = {isa = PBXFileReference; lastKnownFileType = sourcecode.swift; path = MarvelAPI_AppUITests.swift; sourceTree = "<group>"; };
		B4B784EB27F7325F00D28ACF /* MarvelAPI_AppUITestsLaunchTests.swift */ = {isa = PBXFileReference; lastKnownFileType = sourcecode.swift; path = MarvelAPI_AppUITestsLaunchTests.swift; sourceTree = "<group>"; };
		B4CD94FC27FA6AC800240D8C /* Marvel.swift */ = {isa = PBXFileReference; lastKnownFileType = sourcecode.swift; path = Marvel.swift; sourceTree = "<group>"; };
		B4CD950B27FB15B400240D8C /* MarvelModel.swift */ = {isa = PBXFileReference; lastKnownFileType = sourcecode.swift; path = MarvelModel.swift; sourceTree = "<group>"; };
		B4CD950D280284D400240D8C /* TableViewCell.swift */ = {isa = PBXFileReference; lastKnownFileType = sourcecode.swift; path = TableViewCell.swift; sourceTree = "<group>"; };
		B4CD950F280284EB00240D8C /* TableViewCell.xib */ = {isa = PBXFileReference; lastKnownFileType = file.xib; path = TableViewCell.xib; sourceTree = "<group>"; };
		B4CD951128028FE600240D8C /* ex-UIImage.swift */ = {isa = PBXFileReference; lastKnownFileType = sourcecode.swift; path = "ex-UIImage.swift"; sourceTree = "<group>"; };
/* End PBXFileReference section */

/* Begin PBXFrameworksBuildPhase section */
		B4B784C227F7325C00D28ACF /* Frameworks */ = {
			isa = PBXFrameworksBuildPhase;
			buildActionMask = 2147483647;
			files = (
				B4CD950327FA769C00240D8C /* Moya in Frameworks */,
				B4CD950127FA769C00240D8C /* CombineMoya in Frameworks */,
				B4CD950727FA769C00240D8C /* RxMoya in Frameworks */,
				B4CD950A27FA8E8A00240D8C /* CryptoSwift in Frameworks */,
				B4CD950527FA769C00240D8C /* ReactiveMoya in Frameworks */,
				B4CD95152802F18000240D8C /* AlamofireImage in Frameworks */,
			);
			runOnlyForDeploymentPostprocessing = 0;
		};
		B4B784D827F7325F00D28ACF /* Frameworks */ = {
			isa = PBXFrameworksBuildPhase;
			buildActionMask = 2147483647;
			files = (
			);
			runOnlyForDeploymentPostprocessing = 0;
		};
		B4B784E227F7325F00D28ACF /* Frameworks */ = {
			isa = PBXFrameworksBuildPhase;
			buildActionMask = 2147483647;
			files = (
			);
			runOnlyForDeploymentPostprocessing = 0;
		};
/* End PBXFrameworksBuildPhase section */

/* Begin PBXGroup section */
		B4B784BC27F7325B00D28ACF = {
			isa = PBXGroup;
			children = (
				B4B784C727F7325C00D28ACF /* MarvelAPI-App */,
				B4B784DE27F7325F00D28ACF /* MarvelAPI-AppTests */,
				B4B784E827F7325F00D28ACF /* MarvelAPI-AppUITests */,
				B4B784C627F7325C00D28ACF /* Products */,
			);
			sourceTree = "<group>";
		};
		B4B784C627F7325C00D28ACF /* Products */ = {
			isa = PBXGroup;
			children = (
				B4B784C527F7325C00D28ACF /* MarvelAPI-App.app */,
				B4B784DB27F7325F00D28ACF /* MarvelAPI-AppTests.xctest */,
				B4B784E527F7325F00D28ACF /* MarvelAPI-AppUITests.xctest */,
			);
			name = Products;
			sourceTree = "<group>";
		};
		B4B784C727F7325C00D28ACF /* MarvelAPI-App */ = {
			isa = PBXGroup;
			children = (
				B4B784C827F7325C00D28ACF /* AppDelegate.swift */,
				B4B784CA27F7325C00D28ACF /* SceneDelegate.swift */,
				B4B784CC27F7325C00D28ACF /* ViewController.swift */,
				B4B784CE27F7325C00D28ACF /* Main.storyboard */,
				B4B784D127F7325F00D28ACF /* Assets.xcassets */,
				B4B784D327F7325F00D28ACF /* LaunchScreen.storyboard */,
				B4B784D627F7325F00D28ACF /* Info.plist */,
				B4CD94FC27FA6AC800240D8C /* Marvel.swift */,
				B4CD950B27FB15B400240D8C /* MarvelModel.swift */,
				B4CD950D280284D400240D8C /* TableViewCell.swift */,
				B4CD950F280284EB00240D8C /* TableViewCell.xib */,
				B4CD951128028FE600240D8C /* ex-UIImage.swift */,
			);
			path = "MarvelAPI-App";
			sourceTree = "<group>";
		};
		B4B784DE27F7325F00D28ACF /* MarvelAPI-AppTests */ = {
			isa = PBXGroup;
			children = (
				B4B784DF27F7325F00D28ACF /* MarvelAPI_AppTests.swift */,
			);
			path = "MarvelAPI-AppTests";
			sourceTree = "<group>";
		};
		B4B784E827F7325F00D28ACF /* MarvelAPI-AppUITests */ = {
			isa = PBXGroup;
			children = (
				B4B784E927F7325F00D28ACF /* MarvelAPI_AppUITests.swift */,
				B4B784EB27F7325F00D28ACF /* MarvelAPI_AppUITestsLaunchTests.swift */,
			);
			path = "MarvelAPI-AppUITests";
			sourceTree = "<group>";
		};
/* End PBXGroup section */

/* Begin PBXNativeTarget section */
		B4B784C427F7325C00D28ACF /* MarvelAPI-App */ = {
			isa = PBXNativeTarget;
			buildConfigurationList = B4B784EF27F7325F00D28ACF /* Build configuration list for PBXNativeTarget "MarvelAPI-App" */;
			buildPhases = (
				B4B784C127F7325C00D28ACF /* Sources */,
				B4B784C227F7325C00D28ACF /* Frameworks */,
				B4B784C327F7325C00D28ACF /* Resources */,
			);
			buildRules = (
			);
			dependencies = (
			);
			name = "MarvelAPI-App";
			packageProductDependencies = (
				B4CD950027FA769C00240D8C /* CombineMoya */,
				B4CD950227FA769C00240D8C /* Moya */,
				B4CD950427FA769C00240D8C /* ReactiveMoya */,
				B4CD950627FA769C00240D8C /* RxMoya */,
				B4CD950927FA8E8A00240D8C /* CryptoSwift */,
				B4CD95142802F18000240D8C /* AlamofireImage */,
			);
			productName = "MarvelAPI-App";
			productReference = B4B784C527F7325C00D28ACF /* MarvelAPI-App.app */;
			productType = "com.apple.product-type.application";
		};
		B4B784DA27F7325F00D28ACF /* MarvelAPI-AppTests */ = {
			isa = PBXNativeTarget;
			buildConfigurationList = B4B784F227F7325F00D28ACF /* Build configuration list for PBXNativeTarget "MarvelAPI-AppTests" */;
			buildPhases = (
				B4B784D727F7325F00D28ACF /* Sources */,
				B4B784D827F7325F00D28ACF /* Frameworks */,
				B4B784D927F7325F00D28ACF /* Resources */,
			);
			buildRules = (
			);
			dependencies = (
				B4B784DD27F7325F00D28ACF /* PBXTargetDependency */,
			);
			name = "MarvelAPI-AppTests";
			productName = "MarvelAPI-AppTests";
			productReference = B4B784DB27F7325F00D28ACF /* MarvelAPI-AppTests.xctest */;
			productType = "com.apple.product-type.bundle.unit-test";
		};
		B4B784E427F7325F00D28ACF /* MarvelAPI-AppUITests */ = {
			isa = PBXNativeTarget;
			buildConfigurationList = B4B784F527F7325F00D28ACF /* Build configuration list for PBXNativeTarget "MarvelAPI-AppUITests" */;
			buildPhases = (
				B4B784E127F7325F00D28ACF /* Sources */,
				B4B784E227F7325F00D28ACF /* Frameworks */,
				B4B784E327F7325F00D28ACF /* Resources */,
			);
			buildRules = (
			);
			dependencies = (
				B4B784E727F7325F00D28ACF /* PBXTargetDependency */,
			);
			name = "MarvelAPI-AppUITests";
			productName = "MarvelAPI-AppUITests";
			productReference = B4B784E527F7325F00D28ACF /* MarvelAPI-AppUITests.xctest */;
			productType = "com.apple.product-type.bundle.ui-testing";
		};
/* End PBXNativeTarget section */

/* Begin PBXProject section */
		B4B784BD27F7325C00D28ACF /* Project object */ = {
			isa = PBXProject;
			attributes = {
				BuildIndependentTargetsInParallel = 1;
				LastSwiftUpdateCheck = 1320;
				LastUpgradeCheck = 1320;
				TargetAttributes = {
					B4B784C427F7325C00D28ACF = {
						CreatedOnToolsVersion = 13.2.1;
					};
					B4B784DA27F7325F00D28ACF = {
						CreatedOnToolsVersion = 13.2.1;
						TestTargetID = B4B784C427F7325C00D28ACF;
					};
					B4B784E427F7325F00D28ACF = {
						CreatedOnToolsVersion = 13.2.1;
						TestTargetID = B4B784C427F7325C00D28ACF;
					};
				};
			};
			buildConfigurationList = B4B784C027F7325C00D28ACF /* Build configuration list for PBXProject "MarvelAPI-App" */;
			compatibilityVersion = "Xcode 13.0";
			developmentRegion = en;
			hasScannedForEncodings = 0;
			knownRegions = (
				en,
				Base,
			);
			mainGroup = B4B784BC27F7325B00D28ACF;
			packageReferences = (
				B4CD94FF27FA769C00240D8C /* XCRemoteSwiftPackageReference "Moya" */,
				B4CD950827FA8E8A00240D8C /* XCRemoteSwiftPackageReference "CryptoSwift" */,
				B4CD95132802F18000240D8C /* XCRemoteSwiftPackageReference "AlamofireImage" */,
			);
			productRefGroup = B4B784C627F7325C00D28ACF /* Products */;
			projectDirPath = "";
			projectRoot = "";
			targets = (
				B4B784C427F7325C00D28ACF /* MarvelAPI-App */,
				B4B784DA27F7325F00D28ACF /* MarvelAPI-AppTests */,
				B4B784E427F7325F00D28ACF /* MarvelAPI-AppUITests */,
			);
		};
/* End PBXProject section */

/* Begin PBXResourcesBuildPhase section */
		B4B784C327F7325C00D28ACF /* Resources */ = {
			isa = PBXResourcesBuildPhase;
			buildActionMask = 2147483647;
			files = (
				B4B784D527F7325F00D28ACF /* LaunchScreen.storyboard in Resources */,
				B4CD9510280284EB00240D8C /* TableViewCell.xib in Resources */,
				B4B784D227F7325F00D28ACF /* Assets.xcassets in Resources */,
				B4B784D027F7325C00D28ACF /* Main.storyboard in Resources */,
			);
			runOnlyForDeploymentPostprocessing = 0;
		};
		B4B784D927F7325F00D28ACF /* Resources */ = {
			isa = PBXResourcesBuildPhase;
			buildActionMask = 2147483647;
			files = (
			);
			runOnlyForDeploymentPostprocessing = 0;
		};
		B4B784E327F7325F00D28ACF /* Resources */ = {
			isa = PBXResourcesBuildPhase;
			buildActionMask = 2147483647;
			files = (
			);
			runOnlyForDeploymentPostprocessing = 0;
		};
/* End PBXResourcesBuildPhase section */

/* Begin PBXSourcesBuildPhase section */
		B4B784C127F7325C00D28ACF /* Sources */ = {
			isa = PBXSourcesBuildPhase;
			buildActionMask = 2147483647;
			files = (
				B4B784CD27F7325C00D28ACF /* ViewController.swift in Sources */,
				B4B784C927F7325C00D28ACF /* AppDelegate.swift in Sources */,
				B4CD94FD27FA6AC800240D8C /* Marvel.swift in Sources */,
				B4CD951228028FE600240D8C /* ex-UIImage.swift in Sources */,
				B4CD950E280284D400240D8C /* TableViewCell.swift in Sources */,
				B4B784CB27F7325C00D28ACF /* SceneDelegate.swift in Sources */,
				B4CD950C27FB15B400240D8C /* MarvelModel.swift in Sources */,
			);
			runOnlyForDeploymentPostprocessing = 0;
		};
		B4B784D727F7325F00D28ACF /* Sources */ = {
			isa = PBXSourcesBuildPhase;
			buildActionMask = 2147483647;
			files = (
				B4B784E027F7325F00D28ACF /* MarvelAPI_AppTests.swift in Sources */,
			);
			runOnlyForDeploymentPostprocessing = 0;
		};
		B4B784E127F7325F00D28ACF /* Sources */ = {
			isa = PBXSourcesBuildPhase;
			buildActionMask = 2147483647;
			files = (
				B4B784EC27F7325F00D28ACF /* MarvelAPI_AppUITestsLaunchTests.swift in Sources */,
				B4B784EA27F7325F00D28ACF /* MarvelAPI_AppUITests.swift in Sources */,
			);
			runOnlyForDeploymentPostprocessing = 0;
		};
/* End PBXSourcesBuildPhase section */

/* Begin PBXTargetDependency section */
		B4B784DD27F7325F00D28ACF /* PBXTargetDependency */ = {
			isa = PBXTargetDependency;
			target = B4B784C427F7325C00D28ACF /* MarvelAPI-App */;
			targetProxy = B4B784DC27F7325F00D28ACF /* PBXContainerItemProxy */;
		};
		B4B784E727F7325F00D28ACF /* PBXTargetDependency */ = {
			isa = PBXTargetDependency;
			target = B4B784C427F7325C00D28ACF /* MarvelAPI-App */;
			targetProxy = B4B784E627F7325F00D28ACF /* PBXContainerItemProxy */;
		};
/* End PBXTargetDependency section */

/* Begin PBXVariantGroup section */
		B4B784CE27F7325C00D28ACF /* Main.storyboard */ = {
			isa = PBXVariantGroup;
			children = (
				B4B784CF27F7325C00D28ACF /* Base */,
			);
			name = Main.storyboard;
			sourceTree = "<group>";
		};
		B4B784D327F7325F00D28ACF /* LaunchScreen.storyboard */ = {
			isa = PBXVariantGroup;
			children = (
				B4B784D427F7325F00D28ACF /* Base */,
			);
			name = LaunchScreen.storyboard;
			sourceTree = "<group>";
		};
/* End PBXVariantGroup section */

/* Begin XCBuildConfiguration section */
		B4B784ED27F7325F00D28ACF /* Debug */ = {
			isa = XCBuildConfiguration;
			buildSettings = {
				ALWAYS_SEARCH_USER_PATHS = NO;
				CLANG_ANALYZER_NONNULL = YES;
				CLANG_ANALYZER_NUMBER_OBJECT_CONVERSION = YES_AGGRESSIVE;
				CLANG_CXX_LANGUAGE_STANDARD = "gnu++17";
				CLANG_CXX_LIBRARY = "libc++";
				CLANG_ENABLE_MODULES = YES;
				CLANG_ENABLE_OBJC_ARC = YES;
				CLANG_ENABLE_OBJC_WEAK = YES;
				CLANG_WARN_BLOCK_CAPTURE_AUTORELEASING = YES;
				CLANG_WARN_BOOL_CONVERSION = YES;
				CLANG_WARN_COMMA = YES;
				CLANG_WARN_CONSTANT_CONVERSION = YES;
				CLANG_WARN_DEPRECATED_OBJC_IMPLEMENTATIONS = YES;
				CLANG_WARN_DIRECT_OBJC_ISA_USAGE = YES_ERROR;
				CLANG_WARN_DOCUMENTATION_COMMENTS = YES;
				CLANG_WARN_EMPTY_BODY = YES;
				CLANG_WARN_ENUM_CONVERSION = YES;
				CLANG_WARN_INFINITE_RECURSION = YES;
				CLANG_WARN_INT_CONVERSION = YES;
				CLANG_WARN_NON_LITERAL_NULL_CONVERSION = YES;
				CLANG_WARN_OBJC_IMPLICIT_RETAIN_SELF = YES;
				CLANG_WARN_OBJC_LITERAL_CONVERSION = YES;
				CLANG_WARN_OBJC_ROOT_CLASS = YES_ERROR;
				CLANG_WARN_QUOTED_INCLUDE_IN_FRAMEWORK_HEADER = YES;
				CLANG_WARN_RANGE_LOOP_ANALYSIS = YES;
				CLANG_WARN_STRICT_PROTOTYPES = YES;
				CLANG_WARN_SUSPICIOUS_MOVE = YES;
				CLANG_WARN_UNGUARDED_AVAILABILITY = YES_AGGRESSIVE;
				CLANG_WARN_UNREACHABLE_CODE = YES;
				CLANG_WARN__DUPLICATE_METHOD_MATCH = YES;
				COPY_PHASE_STRIP = NO;
				DEBUG_INFORMATION_FORMAT = dwarf;
				ENABLE_STRICT_OBJC_MSGSEND = YES;
				ENABLE_TESTABILITY = YES;
				GCC_C_LANGUAGE_STANDARD = gnu11;
				GCC_DYNAMIC_NO_PIC = NO;
				GCC_NO_COMMON_BLOCKS = YES;
				GCC_OPTIMIZATION_LEVEL = 0;
				GCC_PREPROCESSOR_DEFINITIONS = (
					"DEBUG=1",
					"$(inherited)",
				);
				GCC_WARN_64_TO_32_BIT_CONVERSION = YES;
				GCC_WARN_ABOUT_RETURN_TYPE = YES_ERROR;
				GCC_WARN_UNDECLARED_SELECTOR = YES;
				GCC_WARN_UNINITIALIZED_AUTOS = YES_AGGRESSIVE;
				GCC_WARN_UNUSED_FUNCTION = YES;
				GCC_WARN_UNUSED_VARIABLE = YES;
				IPHONEOS_DEPLOYMENT_TARGET = 15.2;
				MTL_ENABLE_DEBUG_INFO = INCLUDE_SOURCE;
				MTL_FAST_MATH = YES;
				ONLY_ACTIVE_ARCH = YES;
				SDKROOT = iphoneos;
				SWIFT_ACTIVE_COMPILATION_CONDITIONS = DEBUG;
				SWIFT_OPTIMIZATION_LEVEL = "-Onone";
			};
			name = Debug;
		};
		B4B784EE27F7325F00D28ACF /* Release */ = {
			isa = XCBuildConfiguration;
			buildSettings = {
				ALWAYS_SEARCH_USER_PATHS = NO;
				CLANG_ANALYZER_NONNULL = YES;
				CLANG_ANALYZER_NUMBER_OBJECT_CONVERSION = YES_AGGRESSIVE;
				CLANG_CXX_LANGUAGE_STANDARD = "gnu++17";
				CLANG_CXX_LIBRARY = "libc++";
				CLANG_ENABLE_MODULES = YES;
				CLANG_ENABLE_OBJC_ARC = YES;
				CLANG_ENABLE_OBJC_WEAK = YES;
				CLANG_WARN_BLOCK_CAPTURE_AUTORELEASING = YES;
				CLANG_WARN_BOOL_CONVERSION = YES;
				CLANG_WARN_COMMA = YES;
				CLANG_WARN_CONSTANT_CONVERSION = YES;
				CLANG_WARN_DEPRECATED_OBJC_IMPLEMENTATIONS = YES;
				CLANG_WARN_DIRECT_OBJC_ISA_USAGE = YES_ERROR;
				CLANG_WARN_DOCUMENTATION_COMMENTS = YES;
				CLANG_WARN_EMPTY_BODY = YES;
				CLANG_WARN_ENUM_CONVERSION = YES;
				CLANG_WARN_INFINITE_RECURSION = YES;
				CLANG_WARN_INT_CONVERSION = YES;
				CLANG_WARN_NON_LITERAL_NULL_CONVERSION = YES;
				CLANG_WARN_OBJC_IMPLICIT_RETAIN_SELF = YES;
				CLANG_WARN_OBJC_LITERAL_CONVERSION = YES;
				CLANG_WARN_OBJC_ROOT_CLASS = YES_ERROR;
				CLANG_WARN_QUOTED_INCLUDE_IN_FRAMEWORK_HEADER = YES;
				CLANG_WARN_RANGE_LOOP_ANALYSIS = YES;
				CLANG_WARN_STRICT_PROTOTYPES = YES;
				CLANG_WARN_SUSPICIOUS_MOVE = YES;
				CLANG_WARN_UNGUARDED_AVAILABILITY = YES_AGGRESSIVE;
				CLANG_WARN_UNREACHABLE_CODE = YES;
				CLANG_WARN__DUPLICATE_METHOD_MATCH = YES;
				COPY_PHASE_STRIP = NO;
				DEBUG_INFORMATION_FORMAT = "dwarf-with-dsym";
				ENABLE_NS_ASSERTIONS = NO;
				ENABLE_STRICT_OBJC_MSGSEND = YES;
				GCC_C_LANGUAGE_STANDARD = gnu11;
				GCC_NO_COMMON_BLOCKS = YES;
				GCC_WARN_64_TO_32_BIT_CONVERSION = YES;
				GCC_WARN_ABOUT_RETURN_TYPE = YES_ERROR;
				GCC_WARN_UNDECLARED_SELECTOR = YES;
				GCC_WARN_UNINITIALIZED_AUTOS = YES_AGGRESSIVE;
				GCC_WARN_UNUSED_FUNCTION = YES;
				GCC_WARN_UNUSED_VARIABLE = YES;
				IPHONEOS_DEPLOYMENT_TARGET = 15.2;
				MTL_ENABLE_DEBUG_INFO = NO;
				MTL_FAST_MATH = YES;
				SDKROOT = iphoneos;
				SWIFT_COMPILATION_MODE = wholemodule;
				SWIFT_OPTIMIZATION_LEVEL = "-O";
				VALIDATE_PRODUCT = YES;
			};
			name = Release;
		};
		B4B784F027F7325F00D28ACF /* Debug */ = {
			isa = XCBuildConfiguration;
			buildSettings = {
				ASSETCATALOG_COMPILER_APPICON_NAME = AppIcon;
				ASSETCATALOG_COMPILER_GLOBAL_ACCENT_COLOR_NAME = AccentColor;
				CODE_SIGN_STYLE = Automatic;
				CURRENT_PROJECT_VERSION = 1;
				GENERATE_INFOPLIST_FILE = YES;
				INFOPLIST_FILE = "MarvelAPI-App/Info.plist";
				INFOPLIST_KEY_LSApplicationCategoryType = "";
				INFOPLIST_KEY_UIApplicationSupportsIndirectInputEvents = YES;
				INFOPLIST_KEY_UILaunchStoryboardName = LaunchScreen;
				INFOPLIST_KEY_UIMainStoryboardFile = Main;
				INFOPLIST_KEY_UISupportedInterfaceOrientations_iPad = "UIInterfaceOrientationPortrait UIInterfaceOrientationPortraitUpsideDown UIInterfaceOrientationLandscapeLeft UIInterfaceOrientationLandscapeRight";
				INFOPLIST_KEY_UISupportedInterfaceOrientations_iPhone = "UIInterfaceOrientationPortrait UIInterfaceOrientationLandscapeLeft UIInterfaceOrientationLandscapeRight";
				LD_RUNPATH_SEARCH_PATHS = (
					"$(inherited)",
					"@executable_path/Frameworks",
				);
				MARKETING_VERSION = 1.0;
				PRODUCT_BUNDLE_IDENTIFIER = "swift-tk.MarvelAPI-App";
				PRODUCT_NAME = "$(TARGET_NAME)";
				SWIFT_EMIT_LOC_STRINGS = YES;
				SWIFT_VERSION = 5.0;
				TARGETED_DEVICE_FAMILY = "1,2";
			};
			name = Debug;
		};
		B4B784F127F7325F00D28ACF /* Release */ = {
			isa = XCBuildConfiguration;
			buildSettings = {
				ASSETCATALOG_COMPILER_APPICON_NAME = AppIcon;
				ASSETCATALOG_COMPILER_GLOBAL_ACCENT_COLOR_NAME = AccentColor;
				CODE_SIGN_STYLE = Automatic;
				CURRENT_PROJECT_VERSION = 1;
				GENERATE_INFOPLIST_FILE = YES;
				INFOPLIST_FILE = "MarvelAPI-App/Info.plist";
				INFOPLIST_KEY_LSApplicationCategoryType = "";
				INFOPLIST_KEY_UIApplicationSupportsIndirectInputEvents = YES;
				INFOPLIST_KEY_UILaunchStoryboardName = LaunchScreen;
				INFOPLIST_KEY_UIMainStoryboardFile = Main;
				INFOPLIST_KEY_UISupportedInterfaceOrientations_iPad = "UIInterfaceOrientationPortrait UIInterfaceOrientationPortraitUpsideDown UIInterfaceOrientationLandscapeLeft UIInterfaceOrientationLandscapeRight";
				INFOPLIST_KEY_UISupportedInterfaceOrientations_iPhone = "UIInterfaceOrientationPortrait UIInterfaceOrientationLandscapeLeft UIInterfaceOrientationLandscapeRight";
				LD_RUNPATH_SEARCH_PATHS = (
					"$(inherited)",
					"@executable_path/Frameworks",
				);
				MARKETING_VERSION = 1.0;
				PRODUCT_BUNDLE_IDENTIFIER = "swift-tk.MarvelAPI-App";
				PRODUCT_NAME = "$(TARGET_NAME)";
				SWIFT_EMIT_LOC_STRINGS = YES;
				SWIFT_VERSION = 5.0;
				TARGETED_DEVICE_FAMILY = "1,2";
			};
			name = Release;
		};
		B4B784F327F7325F00D28ACF /* Debug */ = {
			isa = XCBuildConfiguration;
			buildSettings = {
				ALWAYS_EMBED_SWIFT_STANDARD_LIBRARIES = YES;
				BUNDLE_LOADER = "$(TEST_HOST)";
				CODE_SIGN_STYLE = Automatic;
				CURRENT_PROJECT_VERSION = 1;
				GENERATE_INFOPLIST_FILE = YES;
				IPHONEOS_DEPLOYMENT_TARGET = 15.2;
				MARKETING_VERSION = 1.0;
				PRODUCT_BUNDLE_IDENTIFIER = "swift-tk.MarvelAPI-AppTests";
				PRODUCT_NAME = "$(TARGET_NAME)";
				SWIFT_EMIT_LOC_STRINGS = NO;
				SWIFT_VERSION = 5.0;
				TARGETED_DEVICE_FAMILY = "1,2";
				TEST_HOST = "$(BUILT_PRODUCTS_DIR)/MarvelAPI-App.app/MarvelAPI-App";
			};
			name = Debug;
		};
		B4B784F427F7325F00D28ACF /* Release */ = {
			isa = XCBuildConfiguration;
			buildSettings = {
				ALWAYS_EMBED_SWIFT_STANDARD_LIBRARIES = YES;
				BUNDLE_LOADER = "$(TEST_HOST)";
				CODE_SIGN_STYLE = Automatic;
				CURRENT_PROJECT_VERSION = 1;
				GENERATE_INFOPLIST_FILE = YES;
				IPHONEOS_DEPLOYMENT_TARGET = 15.2;
				MARKETING_VERSION = 1.0;
				PRODUCT_BUNDLE_IDENTIFIER = "swift-tk.MarvelAPI-AppTests";
				PRODUCT_NAME = "$(TARGET_NAME)";
				SWIFT_EMIT_LOC_STRINGS = NO;
				SWIFT_VERSION = 5.0;
				TARGETED_DEVICE_FAMILY = "1,2";
				TEST_HOST = "$(BUILT_PRODUCTS_DIR)/MarvelAPI-App.app/MarvelAPI-App";
			};
			name = Release;
		};
		B4B784F627F7325F00D28ACF /* Debug */ = {
			isa = XCBuildConfiguration;
			buildSettings = {
				ALWAYS_EMBED_SWIFT_STANDARD_LIBRARIES = YES;
				CODE_SIGN_STYLE = Automatic;
				CURRENT_PROJECT_VERSION = 1;
				GENERATE_INFOPLIST_FILE = YES;
				MARKETING_VERSION = 1.0;
				PRODUCT_BUNDLE_IDENTIFIER = "swift-tk.MarvelAPI-AppUITests";
				PRODUCT_NAME = "$(TARGET_NAME)";
				SWIFT_EMIT_LOC_STRINGS = NO;
				SWIFT_VERSION = 5.0;
				TARGETED_DEVICE_FAMILY = "1,2";
				TEST_TARGET_NAME = "MarvelAPI-App";
			};
			name = Debug;
		};
		B4B784F727F7325F00D28ACF /* Release */ = {
			isa = XCBuildConfiguration;
			buildSettings = {
				ALWAYS_EMBED_SWIFT_STANDARD_LIBRARIES = YES;
				CODE_SIGN_STYLE = Automatic;
				CURRENT_PROJECT_VERSION = 1;
				GENERATE_INFOPLIST_FILE = YES;
				MARKETING_VERSION = 1.0;
				PRODUCT_BUNDLE_IDENTIFIER = "swift-tk.MarvelAPI-AppUITests";
				PRODUCT_NAME = "$(TARGET_NAME)";
				SWIFT_EMIT_LOC_STRINGS = NO;
				SWIFT_VERSION = 5.0;
				TARGETED_DEVICE_FAMILY = "1,2";
				TEST_TARGET_NAME = "MarvelAPI-App";
			};
			name = Release;
		};
/* End XCBuildConfiguration section */

/* Begin XCConfigurationList section */
		B4B784C027F7325C00D28ACF /* Build configuration list for PBXProject "MarvelAPI-App" */ = {
			isa = XCConfigurationList;
			buildConfigurations = (
				B4B784ED27F7325F00D28ACF /* Debug */,
				B4B784EE27F7325F00D28ACF /* Release */,
			);
			defaultConfigurationIsVisible = 0;
			defaultConfigurationName = Release;
		};
		B4B784EF27F7325F00D28ACF /* Build configuration list for PBXNativeTarget "MarvelAPI-App" */ = {
			isa = XCConfigurationList;
			buildConfigurations = (
				B4B784F027F7325F00D28ACF /* Debug */,
				B4B784F127F7325F00D28ACF /* Release */,
			);
			defaultConfigurationIsVisible = 0;
			defaultConfigurationName = Release;
		};
		B4B784F227F7325F00D28ACF /* Build configuration list for PBXNativeTarget "MarvelAPI-AppTests" */ = {
			isa = XCConfigurationList;
			buildConfigurations = (
				B4B784F327F7325F00D28ACF /* Debug */,
				B4B784F427F7325F00D28ACF /* Release */,
			);
			defaultConfigurationIsVisible = 0;
			defaultConfigurationName = Release;
		};
		B4B784F527F7325F00D28ACF /* Build configuration list for PBXNativeTarget "MarvelAPI-AppUITests" */ = {
			isa = XCConfigurationList;
			buildConfigurations = (
				B4B784F627F7325F00D28ACF /* Debug */,
				B4B784F727F7325F00D28ACF /* Release */,
			);
			defaultConfigurationIsVisible = 0;
			defaultConfigurationName = Release;
		};
/* End XCConfigurationList section */

/* Begin XCRemoteSwiftPackageReference section */
		B4CD94FF27FA769C00240D8C /* XCRemoteSwiftPackageReference "Moya" */ = {
			isa = XCRemoteSwiftPackageReference;
			repositoryURL = "https://github.com/Moya/Moya";
			requirement = {
				branch = master;
				kind = branch;
			};
		};
		B4CD950827FA8E8A00240D8C /* XCRemoteSwiftPackageReference "CryptoSwift" */ = {
			isa = XCRemoteSwiftPackageReference;
			repositoryURL = "https://github.com/krzyzanowskim/CryptoSwift";
			requirement = {
				kind = upToNextMajorVersion;
				minimumVersion = 1.0.0;
			};
		};
		B4CD95132802F18000240D8C /* XCRemoteSwiftPackageReference "AlamofireImage" */ = {
			isa = XCRemoteSwiftPackageReference;
			repositoryURL = "https://github.com/Alamofire/AlamofireImage";
			requirement = {
				kind = upToNextMajorVersion;
				minimumVersion = 4.0.0;
			};
		};
/* End XCRemoteSwiftPackageReference section */

/* Begin XCSwiftPackageProductDependency section */
		B4CD950027FA769C00240D8C /* CombineMoya */ = {
			isa = XCSwiftPackageProductDependency;
			package = B4CD94FF27FA769C00240D8C /* XCRemoteSwiftPackageReference "Moya" */;
			productName = CombineMoya;
		};
		B4CD950227FA769C00240D8C /* Moya */ = {
			isa = XCSwiftPackageProductDependency;
			package = B4CD94FF27FA769C00240D8C /* XCRemoteSwiftPackageReference "Moya" */;
			productName = Moya;
		};
		B4CD950427FA769C00240D8C /* ReactiveMoya */ = {
			isa = XCSwiftPackageProductDependency;
			package = B4CD94FF27FA769C00240D8C /* XCRemoteSwiftPackageReference "Moya" */;
			productName = ReactiveMoya;
		};
		B4CD950627FA769C00240D8C /* RxMoya */ = {
			isa = XCSwiftPackageProductDependency;
			package = B4CD94FF27FA769C00240D8C /* XCRemoteSwiftPackageReference "Moya" */;
			productName = RxMoya;
		};
		B4CD950927FA8E8A00240D8C /* CryptoSwift */ = {
			isa = XCSwiftPackageProductDependency;
			package = B4CD950827FA8E8A00240D8C /* XCRemoteSwiftPackageReference "CryptoSwift" */;
			productName = CryptoSwift;
		};
		B4CD95142802F18000240D8C /* AlamofireImage */ = {
			isa = XCSwiftPackageProductDependency;
			package = B4CD95132802F18000240D8C /* XCRemoteSwiftPackageReference "AlamofireImage" */;
			productName = AlamofireImage;
		};
/* End XCSwiftPackageProductDependency section */
	};
	rootObject = B4B784BD27F7325C00D28ACF /* Project object */;
}
